
Microsoft Visual Studio Solution File, Format Version 12.00
# Visual Studio 2013
VisualStudioVersion = 12.0.30110.0
MinimumVisualStudioVersion = 10.0.40219.1
Project("{FAE04EC0-301F-11D3-BF4B-00C04F79EFBC}") = "Jv.Web.OAuth", "Jv.Web.OAuth\Jv.Web.OAuth.csproj", "{C1FD05B7-1627-448A-91E5-B0A8DC2AFC54}"
EndProject
Project("{FAE04EC0-301F-11D3-BF4B-00C04F79EFBC}") = "Jv.Social", "Jv.Social\Jv.Social.csproj", "{D9C2EB12-2F74-43FE-B27E-7B398FD61F08}"
EndProject
Project("{FAE04EC0-301F-11D3-BF4B-00C04F79EFBC}") = "TestConsole.Desktop", "TestConsole\TestConsole.Desktop.csproj", "{453B7797-6220-44D9-820C-35CFCE4B1F34}"
EndProject
Project("{FAE04EC0-301F-11D3-BF4B-00C04F79EFBC}") = "Jv.Web.OAuth.WinForms", "Jv.Web.OAuth.WinForms\Jv.Web.OAuth.WinForms.csproj", "{01618A3E-26D0-4298-8CF6-815E67E96A33}"
EndProject
Global
	GlobalSection(SolutionConfigurationPlatforms) = preSolution
		Debug|Any CPU = Debug|Any CPU
		Release|Any CPU = Release|Any CPU
	EndGlobalSection
	GlobalSection(ProjectConfigurationPlatforms) = postSolution
		{C1FD05B7-1627-448A-91E5-B0A8DC2AFC54}.Debug|Any CPU.ActiveCfg = Debug|Any CPU
		{C1FD05B7-1627-448A-91E5-B0A8DC2AFC54}.Debug|Any CPU.Build.0 = Debug|Any CPU
		{C1FD05B7-1627-448A-91E5-B0A8DC2AFC54}.Release|Any CPU.ActiveCfg = Release|Any CPU
		{C1FD05B7-1627-448A-91E5-B0A8DC2AFC54}.Release|Any CPU.Build.0 = Release|Any CPU
		{D9C2EB12-2F74-43FE-B27E-7B398FD61F08}.Debug|Any CPU.ActiveCfg = Debug|Any CPU
		{D9C2EB12-2F74-43FE-B27E-7B398FD61F08}.Debug|Any CPU.Build.0 = Debug|Any CPU
		{D9C2EB12-2F74-43FE-B27E-7B398FD61F08}.Release|Any CPU.ActiveCfg = Release|Any CPU
		{D9C2EB12-2F74-43FE-B27E-7B398FD61F08}.Release|Any CPU.Build.0 = Release|Any CPU
		{453B7797-6220-44D9-820C-35CFCE4B1F34}.Debug|Any CPU.ActiveCfg = Debug|Any CPU
		{453B7797-6220-44D9-820C-35CFCE4B1F34}.Debug|Any CPU.Build.0 = Debug|Any CPU
		{453B7797-6220-44D9-820C-35CFCE4B1F34}.Release|Any CPU.ActiveCfg = Release|Any CPU
		{453B7797-6220-44D9-820C-35CFCE4B1F34}.Release|Any CPU.Build.0 = Release|Any CPU
		{01618A3E-26D0-4298-8CF6-815E67E96A33}.Debug|Any CPU.ActiveCfg = Debug|Any CPU
		{01618A3E-26D0-4298-8CF6-815E67E96A33}.Debug|Any CPU.Build.0 = Debug|Any CPU
		{01618A3E-26D0-4298-8CF6-815E67E96A33}.Release|Any CPU.ActiveCfg = Release|Any CPU
		{01618A3E-26D0-4298-8CF6-815E67E96A33}.Release|Any CPU.Build.0 = Release|Any CPU
	EndGlobalSection
	GlobalSection(SolutionProperties) = preSolution
		HideSolutionNode = FALSE
	EndGlobalSection
EndGlobal
